
Microsoft Visual Studio Solution File, Format Version 12.00
# Visual Studio 2012
VisualStudioVersion = 12.0.30501.0
MinimumVisualStudioVersion = 10.0.40219.1
Project("{FAE04EC0-301F-11D3-BF4B-00C04F79EFBC}") = "TextToSpeech.iOS", "TextToSpeech.iOS\TextToSpeech.iOS.csproj", "{CC378B2B-BFAC-4254-8B61-D127BA844303}"
EndProject
Project("{FAE04EC0-301F-11D3-BF4B-00C04F79EFBC}") = "TextToSpeech.Droid", "TextToSpeech.Droid\TextToSpeech.Droid.csproj", "{7A7432ED-B829-425C-860B-A6EC4BCEA094}"
EndProject
Global
	GlobalSection(SolutionConfigurationPlatforms) = preSolution
		Ad-Hoc|Any CPU = Ad-Hoc|Any CPU
		Ad-Hoc|ARM = Ad-Hoc|ARM
		Ad-Hoc|iPhone = Ad-Hoc|iPhone
		Ad-Hoc|iPhoneSimulator = Ad-Hoc|iPhoneSimulator
		Ad-Hoc|Mixed Platforms = Ad-Hoc|Mixed Platforms
		Ad-Hoc|x86 = Ad-Hoc|x86
		AppStore|Any CPU = AppStore|Any CPU
		AppStore|ARM = AppStore|ARM
		AppStore|iPhone = AppStore|iPhone
		AppStore|iPhoneSimulator = AppStore|iPhoneSimulator
		AppStore|Mixed Platforms = AppStore|Mixed Platforms
		AppStore|x86 = AppStore|x86
		Debug|Any CPU = Debug|Any CPU
		Debug|ARM = Debug|ARM
		Debug|iPhone = Debug|iPhone
		Debug|iPhoneSimulator = Debug|iPhoneSimulator
		Debug|Mixed Platforms = Debug|Mixed Platforms
		Debug|x86 = Debug|x86
		Release|Any CPU = Release|Any CPU
		Release|ARM = Release|ARM
		Release|iPhone = Release|iPhone
		Release|iPhoneSimulator = Release|iPhoneSimulator
		Release|Mixed Platforms = Release|Mixed Platforms
		Release|x86 = Release|x86
	EndGlobalSection
	GlobalSection(ProjectConfigurationPlatforms) = postSolution
		{7A7432ED-B829-425C-860B-A6EC4BCEA094}.Ad-Hoc|Any CPU.ActiveCfg = Release|Any CPU
		{7A7432ED-B829-425C-860B-A6EC4BCEA094}.Ad-Hoc|Any CPU.Build.0 = Release|Any CPU
		{7A7432ED-B829-425C-860B-A6EC4BCEA094}.Ad-Hoc|ARM.ActiveCfg = Release|Any CPU
		{7A7432ED-B829-425C-860B-A6EC4BCEA094}.Ad-Hoc|ARM.Build.0 = Release|Any CPU
		{7A7432ED-B829-425C-860B-A6EC4BCEA094}.Ad-Hoc|iPhone.ActiveCfg = Release|Any CPU
		{7A7432ED-B829-425C-860B-A6EC4BCEA094}.Ad-Hoc|iPhone.Build.0 = Release|Any CPU
		{7A7432ED-B829-425C-860B-A6EC4BCEA094}.Ad-Hoc|iPhoneSimulator.ActiveCfg = Release|Any CPU
		{7A7432ED-B829-425C-860B-A6EC4BCEA094}.Ad-Hoc|iPhoneSimulator.Build.0 = Release|Any CPU
		{7A7432ED-B829-425C-860B-A6EC4BCEA094}.Ad-Hoc|Mixed Platforms.ActiveCfg = Release|Any CPU
		{7A7432ED-B829-425C-860B-A6EC4BCEA094}.Ad-Hoc|Mixed Platforms.Build.0 = Release|Any CPU
		{7A7432ED-B829-425C-860B-A6EC4BCEA094}.Ad-Hoc|x86.ActiveCfg = Release|Any CPU
		{7A7432ED-B829-425C-860B-A6EC4BCEA094}.Ad-Hoc|x86.Build.0 = Release|Any CPU
		{7A7432ED-B829-425C-860B-A6EC4BCEA094}.AppStore|Any CPU.ActiveCfg = Release|Any CPU
		{7A7432ED-B829-425C-860B-A6EC4BCEA094}.AppStore|Any CPU.Build.0 = Release|Any CPU
		{7A7432ED-B829-425C-860B-A6EC4BCEA094}.AppStore|ARM.ActiveCfg = Release|Any CPU
		{7A7432ED-B829-425C-860B-A6EC4BCEA094}.AppStore|ARM.Build.0 = Release|Any CPU
		{7A7432ED-B829-425C-860B-A6EC4BCEA094}.AppStore|iPhone.ActiveCfg = Release|Any CPU
		{7A7432ED-B829-425C-860B-A6EC4BCEA094}.AppStore|iPhone.Build.0 = Release|Any CPU
		{7A7432ED-B829-425C-860B-A6EC4BCEA094}.AppStore|iPhoneSimulator.ActiveCfg = Release|Any CPU
		{7A7432ED-B829-425C-860B-A6EC4BCEA094}.AppStore|iPhoneSimulator.Build.0 = Release|Any CPU
		{7A7432ED-B829-425C-860B-A6EC4BCEA094}.AppStore|Mixed Platforms.ActiveCfg = Release|Any CPU
		{7A7432ED-B829-425C-860B-A6EC4BCEA094}.AppStore|Mixed Platforms.Build.0 = Release|Any CPU
		{7A7432ED-B829-425C-860B-A6EC4BCEA094}.AppStore|x86.ActiveCfg = Release|Any CPU
		{7A7432ED-B829-425C-860B-A6EC4BCEA094}.AppStore|x86.Build.0 = Release|Any CPU
		{7A7432ED-B829-425C-860B-A6EC4BCEA094}.Debug|Any CPU.ActiveCfg = Debug|Any CPU
		{7A7432ED-B829-425C-860B-A6EC4BCEA094}.Debug|Any CPU.Build.0 = Debug|Any CPU
		{7A7432ED-B829-425C-860B-A6EC4BCEA094}.Debug|ARM.ActiveCfg = Debug|Any CPU
		{7A7432ED-B829-425C-860B-A6EC4BCEA094}.Debug|ARM.Build.0 = Debug|Any CPU
		{7A7432ED-B829-425C-860B-A6EC4BCEA094}.Debug|iPhone.ActiveCfg = Debug|Any CPU
		{7A7432ED-B829-425C-860B-A6EC4BCEA094}.Debug|iPhone.Build.0 = Debug|Any CPU
		{7A7432ED-B829-425C-860B-A6EC4BCEA094}.Debug|iPhoneSimulator.ActiveCfg = Debug|Any CPU
		{7A7432ED-B829-425C-860B-A6EC4BCEA094}.Debug|iPhoneSimulator.Build.0 = Debug|Any CPU
		{7A7432ED-B829-425C-860B-A6EC4BCEA094}.Debug|Mixed Platforms.ActiveCfg = Debug|Any CPU
		{7A7432ED-B829-425C-860B-A6EC4BCEA094}.Debug|Mixed Platforms.Build.0 = Debug|Any CPU
		{7A7432ED-B829-425C-860B-A6EC4BCEA094}.Debug|x86.ActiveCfg = Debug|Any CPU
		{7A7432ED-B829-425C-860B-A6EC4BCEA094}.Debug|x86.Build.0 = Debug|Any CPU
		{7A7432ED-B829-425C-860B-A6EC4BCEA094}.Release|Any CPU.ActiveCfg = Release|Any CPU
		{7A7432ED-B829-425C-860B-A6EC4BCEA094}.Release|Any CPU.Build.0 = Release|Any CPU
		{7A7432ED-B829-425C-860B-A6EC4BCEA094}.Release|ARM.ActiveCfg = Release|Any CPU
		{7A7432ED-B829-425C-860B-A6EC4BCEA094}.Release|ARM.Build.0 = Release|Any CPU
		{7A7432ED-B829-425C-860B-A6EC4BCEA094}.Release|iPhone.ActiveCfg = Release|Any CPU
		{7A7432ED-B829-425C-860B-A6EC4BCEA094}.Release|iPhone.Build.0 = Release|Any CPU
		{7A7432ED-B829-425C-860B-A6EC4BCEA094}.Release|iPhoneSimulator.ActiveCfg = Release|Any CPU
		{7A7432ED-B829-425C-860B-A6EC4BCEA094}.Release|iPhoneSimulator.Build.0 = Release|Any CPU
		{7A7432ED-B829-425C-860B-A6EC4BCEA094}.Release|Mixed Platforms.ActiveCfg = Release|Any CPU
		{7A7432ED-B829-425C-860B-A6EC4BCEA094}.Release|Mixed Platforms.Build.0 = Release|Any CPU
		{7A7432ED-B829-425C-860B-A6EC4BCEA094}.Release|x86.ActiveCfg = Release|Any CPU
		{7A7432ED-B829-425C-860B-A6EC4BCEA094}.Release|x86.Build.0 = Release|Any CPU
		{CC378B2B-BFAC-4254-8B61-D127BA844303}.Ad-Hoc|Any CPU.ActiveCfg = Ad-Hoc|iPhone
		{CC378B2B-BFAC-4254-8B61-D127BA844303}.Ad-Hoc|Any CPU.Build.0 = Ad-Hoc|iPhone
		{CC378B2B-BFAC-4254-8B61-D127BA844303}.Ad-Hoc|ARM.ActiveCfg = Ad-Hoc|iPhone
		{CC378B2B-BFAC-4254-8B61-D127BA844303}.Ad-Hoc|ARM.Build.0 = Ad-Hoc|iPhone
		{CC378B2B-BFAC-4254-8B61-D127BA844303}.Ad-Hoc|iPhone.ActiveCfg = Ad-Hoc|iPhone
		{CC378B2B-BFAC-4254-8B61-D127BA844303}.Ad-Hoc|iPhone.Build.0 = Ad-Hoc|iPhone
		{CC378B2B-BFAC-4254-8B61-D127BA844303}.Ad-Hoc|iPhoneSimulator.ActiveCfg = Ad-Hoc|iPhone
		{CC378B2B-BFAC-4254-8B61-D127BA844303}.Ad-Hoc|iPhoneSimulator.Build.0 = Ad-Hoc|iPhone
		{CC378B2B-BFAC-4254-8B61-D127BA844303}.Ad-Hoc|Mixed Platforms.ActiveCfg = Ad-Hoc|iPhone
		{CC378B2B-BFAC-4254-8B61-D127BA844303}.Ad-Hoc|Mixed Platforms.Build.0 = Ad-Hoc|iPhone
		{CC378B2B-BFAC-4254-8B61-D127BA844303}.Ad-Hoc|x86.ActiveCfg = Ad-Hoc|iPhone
		{CC378B2B-BFAC-4254-8B61-D127BA844303}.Ad-Hoc|x86.Build.0 = Ad-Hoc|iPhone
		{CC378B2B-BFAC-4254-8B61-D127BA844303}.AppStore|Any CPU.ActiveCfg = Ad-Hoc|iPhone
		{CC378B2B-BFAC-4254-8B61-D127BA844303}.AppStore|Any CPU.Build.0 = Ad-Hoc|iPhone
		{CC378B2B-BFAC-4254-8B61-D127BA844303}.AppStore|ARM.ActiveCfg = Ad-Hoc|iPhone
		{CC378B2B-BFAC-4254-8B61-D127BA844303}.AppStore|ARM.Build.0 = Ad-Hoc|iPhone
		{CC378B2B-BFAC-4254-8B61-D127BA844303}.AppStore|iPhone.ActiveCfg = AppStore|iPhone
		{CC378B2B-BFAC-4254-8B61-D127BA844303}.AppStore|iPhone.Build.0 = AppStore|iPhone
		{CC378B2B-BFAC-4254-8B61-D127BA844303}.AppStore|iPhoneSimulator.ActiveCfg = Ad-Hoc|iPhone
		{CC378B2B-BFAC-4254-8B61-D127BA844303}.AppStore|iPhoneSimulator.Build.0 = Ad-Hoc|iPhone
		{CC378B2B-BFAC-4254-8B61-D127BA844303}.AppStore|Mixed Platforms.ActiveCfg = Ad-Hoc|iPhone
		{CC378B2B-BFAC-4254-8B61-D127BA844303}.AppStore|Mixed Platforms.Build.0 = Ad-Hoc|iPhone
		{CC378B2B-BFAC-4254-8B61-D127BA844303}.AppStore|x86.ActiveCfg = Ad-Hoc|iPhone
		{CC378B2B-BFAC-4254-8B61-D127BA844303}.AppStore|x86.Build.0 = Ad-Hoc|iPhone
		{CC378B2B-BFAC-4254-8B61-D127BA844303}.Debug|Any CPU.ActiveCfg = Debug|iPhoneSimulator
		{CC378B2B-BFAC-4254-8B61-D127BA844303}.Debug|Any CPU.Build.0 = Debug|iPhoneSimulator
		{CC378B2B-BFAC-4254-8B61-D127BA844303}.Debug|ARM.ActiveCfg = Debug|iPhone
		{CC378B2B-BFAC-4254-8B61-D127BA844303}.Debug|ARM.Build.0 = Debug|iPhone
		{CC378B2B-BFAC-4254-8B61-D127BA844303}.Debug|iPhone.ActiveCfg = Debug|iPhone
		{CC378B2B-BFAC-4254-8B61-D127BA844303}.Debug|iPhone.Build.0 = Debug|iPhone
		{CC378B2B-BFAC-4254-8B61-D127BA844303}.Debug|iPhoneSimulator.ActiveCfg = Debug|iPhoneSimulator
		{CC378B2B-BFAC-4254-8B61-D127BA844303}.Debug|iPhoneSimulator.Build.0 = Debug|iPhoneSimulator
		{CC378B2B-BFAC-4254-8B61-D127BA844303}.Debug|Mixed Platforms.ActiveCfg = Debug|iPhone
		{CC378B2B-BFAC-4254-8B61-D127BA844303}.Debug|Mixed Platforms.Build.0 = Debug|iPhone
		{CC378B2B-BFAC-4254-8B61-D127BA844303}.Debug|x86.ActiveCfg = Debug|iPhone
		{CC378B2B-BFAC-4254-8B61-D127BA844303}.Debug|x86.Build.0 = Debug|iPhone
		{CC378B2B-BFAC-4254-8B61-D127BA844303}.Release|Any CPU.ActiveCfg = Release|iPhoneSimulator
		{CC378B2B-BFAC-4254-8B61-D127BA844303}.Release|Any CPU.Build.0 = Release|iPhoneSimulator
		{CC378B2B-BFAC-4254-8B61-D127BA844303}.Release|ARM.ActiveCfg = Release|iPhone
		{CC378B2B-BFAC-4254-8B61-D127BA844303}.Release|ARM.Build.0 = Release|iPhone
		{CC378B2B-BFAC-4254-8B61-D127BA844303}.Release|iPhone.ActiveCfg = Release|iPhone
		{CC378B2B-BFAC-4254-8B61-D127BA844303}.Release|iPhone.Build.0 = Release|iPhone
		{CC378B2B-BFAC-4254-8B61-D127BA844303}.Release|iPhoneSimulator.ActiveCfg = Release|iPhoneSimulator
		{CC378B2B-BFAC-4254-8B61-D127BA844303}.Release|iPhoneSimulator.Build.0 = Release|iPhoneSimulator
		{CC378B2B-BFAC-4254-8B61-D127BA844303}.Release|Mixed Platforms.ActiveCfg = Release|iPhone
		{CC378B2B-BFAC-4254-8B61-D127BA844303}.Release|Mixed Platforms.Build.0 = Release|iPhone
		{CC378B2B-BFAC-4254-8B61-D127BA844303}.Release|x86.ActiveCfg = Release|iPhone
		{CC378B2B-BFAC-4254-8B61-D127BA844303}.Release|x86.Build.0 = Release|iPhone
	EndGlobalSection
	GlobalSection(MonoDevelopProperties) = preSolution
		StartupItem = TextToSpeech.Droid\TextToSpeech.Droid.csproj
	EndGlobalSection
	GlobalSection(SolutionProperties) = preSolution
		HideSolutionNode = FALSE
	EndGlobalSection
EndGlobal
